
Microsoft Visual Studio Solution File, Format Version 12.00
# Visual Studio Version 16
VisualStudioVersion = 16.0.29306.81
MinimumVisualStudioVersion = 10.0.40219.1
Project("{FAE04EC0-301F-11D3-BF4B-00C04F79EFBC}") = "edabit_Double_Letters", "edabit_Double_Letters\edabit_Double_Letters.csproj", "{ACD84E51-F46E-422D-90A2-EE1A67F78520}"
EndProject
Global
	GlobalSection(SolutionConfigurationPlatforms) = preSolution
		Debug|Any CPU = Debug|Any CPU
		Release|Any CPU = Release|Any CPU
	EndGlobalSection
	GlobalSection(ProjectConfigurationPlatforms) = postSolution
		{ACD84E51-F46E-422D-90A2-EE1A67F78520}.Debug|Any CPU.ActiveCfg = Debug|Any CPU
		{ACD84E51-F46E-422D-90A2-EE1A67F78520}.Debug|Any CPU.Build.0 = Debug|Any CPU
		{ACD84E51-F46E-422D-90A2-EE1A67F78520}.Release|Any CPU.ActiveCfg = Release|Any CPU
		{ACD84E51-F46E-422D-90A2-EE1A67F78520}.Release|Any CPU.Build.0 = Release|Any CPU
	EndGlobalSection
	GlobalSection(SolutionProperties) = preSolution
		HideSolutionNode = FALSE
	EndGlobalSection
	GlobalSection(ExtensibilityGlobals) = postSolution
		SolutionGuid = {041E0D3D-5921-4603-B7FE-CB2AC582A7DD}
	EndGlobalSection
EndGlobal
