
Microsoft Visual Studio Solution File, Format Version 12.00
# Visual Studio Version 16
VisualStudioVersion = 16.0.29306.81
MinimumVisualStudioVersion = 10.0.40219.1
Project("{FAE04EC0-301F-11D3-BF4B-00C04F79EFBC}") = "edabit_Email_Checker", "edabit_Email_Checker\edabit_Email_Checker.csproj", "{751A1C04-A040-4C4D-9CDB-4D2D93A38A22}"
EndProject
Global
	GlobalSection(SolutionConfigurationPlatforms) = preSolution
		Debug|Any CPU = Debug|Any CPU
		Release|Any CPU = Release|Any CPU
	EndGlobalSection
	GlobalSection(ProjectConfigurationPlatforms) = postSolution
		{751A1C04-A040-4C4D-9CDB-4D2D93A38A22}.Debug|Any CPU.ActiveCfg = Debug|Any CPU
		{751A1C04-A040-4C4D-9CDB-4D2D93A38A22}.Debug|Any CPU.Build.0 = Debug|Any CPU
		{751A1C04-A040-4C4D-9CDB-4D2D93A38A22}.Release|Any CPU.ActiveCfg = Release|Any CPU
		{751A1C04-A040-4C4D-9CDB-4D2D93A38A22}.Release|Any CPU.Build.0 = Release|Any CPU
	EndGlobalSection
	GlobalSection(SolutionProperties) = preSolution
		HideSolutionNode = FALSE
	EndGlobalSection
	GlobalSection(ExtensibilityGlobals) = postSolution
		SolutionGuid = {1C94E6F4-A35A-4E2E-87D6-5103DD1E70E1}
	EndGlobalSection
EndGlobal
